// !$*UTF8*$!
{
	archiveVersion = 1;
	classes = {
	};
	objectVersion = 50;
	objects = {

/* Begin PBXBuildFile section */
		EE6FC0F725E0C52500BDCC94 /* InfoViewController.swift in Sources */ = {isa = PBXBuildFile; fileRef = EE6FC0F625E0C52500BDCC94 /* InfoViewController.swift */; };
		EE6FC0FD25E1860E00BDCC94 /* LaunchScreen.swift in Sources */ = {isa = PBXBuildFile; fileRef = EE6FC0FC25E1860E00BDCC94 /* LaunchScreen.swift */; };
		EE8C854725E6DC5500F809AA /* HabitViewController.swift in Sources */ = {isa = PBXBuildFile; fileRef = EE8C854625E6DC5500F809AA /* HabitViewController.swift */; };
		EE8C854A25E813D800F809AA /* viewCellMain.xib in Resources */ = {isa = PBXBuildFile; fileRef = EE8C854925E813D800F809AA /* viewCellMain.xib */; };
		EE8EF47E25E387A90056F798 /* viewCellProgress.swift in Sources */ = {isa = PBXBuildFile; fileRef = EE8EF47D25E387A90056F798 /* viewCellProgress.swift */; };
		EE8EF49225E3C91D0056F798 /* HabitsViewController.swift in Sources */ = {isa = PBXBuildFile; fileRef = EE8EF49125E3C91D0056F798 /* HabitsViewController.swift */; };
		EE8FBD1925EA2D63006EC85C /* viewCellProgress.xib in Resources */ = {isa = PBXBuildFile; fileRef = EE8FBD1825EA2D63006EC85C /* viewCellProgress.xib */; };
		EEAFFCDE25EF443900795558 /* CreateCellDelegate.swift in Sources */ = {isa = PBXBuildFile; fileRef = EEAFFCDD25EF443900795558 /* CreateCellDelegate.swift */; };
		EEBE389D25E2D4480097AD1F /* viewCellMain.swift in Sources */ = {isa = PBXBuildFile; fileRef = EEBE389B25E2D4480097AD1F /* viewCellMain.swift */; };
		EECDF85F25E0B8F70022F02B /* AppDelegate.swift in Sources */ = {isa = PBXBuildFile; fileRef = EECDF85E25E0B8F70022F02B /* AppDelegate.swift */; };
		EECDF86125E0B8F70022F02B /* SceneDelegate.swift in Sources */ = {isa = PBXBuildFile; fileRef = EECDF86025E0B8F70022F02B /* SceneDelegate.swift */; };
		EECDF86325E0B8F70022F02B /* ViewController.swift in Sources */ = {isa = PBXBuildFile; fileRef = EECDF86225E0B8F70022F02B /* ViewController.swift */; };
		EECDF86625E0B8F70022F02B /* Main.storyboard in Resources */ = {isa = PBXBuildFile; fileRef = EECDF86425E0B8F70022F02B /* Main.storyboard */; };
		EECDF86825E0B8F80022F02B /* Assets.xcassets in Resources */ = {isa = PBXBuildFile; fileRef = EECDF86725E0B8F80022F02B /* Assets.xcassets */; };
		EECDF86B25E0B8F80022F02B /* LaunchScreen.storyboard in Resources */ = {isa = PBXBuildFile; fileRef = EECDF86925E0B8F80022F02B /* LaunchScreen.storyboard */; };
		EECDF87425E0B91C0022F02B /* HabitsStore.swift in Sources */ = {isa = PBXBuildFile; fileRef = EECDF87325E0B91C0022F02B /* HabitsStore.swift */; };
/* End PBXBuildFile section */

/* Begin PBXFileReference section */
		EE6FC0F625E0C52500BDCC94 /* InfoViewController.swift */ = {isa = PBXFileReference; lastKnownFileType = sourcecode.swift; path = InfoViewController.swift; sourceTree = "<group>"; };
		EE6FC0FC25E1860E00BDCC94 /* LaunchScreen.swift */ = {isa = PBXFileReference; lastKnownFileType = sourcecode.swift; path = LaunchScreen.swift; sourceTree = "<group>"; };
		EE8C854625E6DC5500F809AA /* HabitViewController.swift */ = {isa = PBXFileReference; fileEncoding = 4; lastKnownFileType = sourcecode.swift; path = HabitViewController.swift; sourceTree = "<group>"; };
		EE8C854925E813D800F809AA /* viewCellMain.xib */ = {isa = PBXFileReference; lastKnownFileType = file.xib; path = viewCellMain.xib; sourceTree = "<group>"; };
		EE8EF47D25E387A90056F798 /* viewCellProgress.swift */ = {isa = PBXFileReference; lastKnownFileType = sourcecode.swift; path = viewCellProgress.swift; sourceTree = "<group>"; };
		EE8EF49125E3C91D0056F798 /* HabitsViewController.swift */ = {isa = PBXFileReference; fileEncoding = 4; lastKnownFileType = sourcecode.swift; path = HabitsViewController.swift; sourceTree = "<group>"; };
		EE8FBD1825EA2D63006EC85C /* viewCellProgress.xib */ = {isa = PBXFileReference; lastKnownFileType = file.xib; path = viewCellProgress.xib; sourceTree = "<group>"; };
		EEAFFCDD25EF443900795558 /* CreateCellDelegate.swift */ = {isa = PBXFileReference; lastKnownFileType = sourcecode.swift; path = CreateCellDelegate.swift; sourceTree = "<group>"; };
		EEBE389B25E2D4480097AD1F /* viewCellMain.swift */ = {isa = PBXFileReference; lastKnownFileType = sourcecode.swift; path = viewCellMain.swift; sourceTree = "<group>"; };
		EECDF85B25E0B8F70022F02B /* MyHabits.app */ = {isa = PBXFileReference; explicitFileType = wrapper.application; includeInIndex = 0; path = MyHabits.app; sourceTree = BUILT_PRODUCTS_DIR; };
		EECDF85E25E0B8F70022F02B /* AppDelegate.swift */ = {isa = PBXFileReference; lastKnownFileType = sourcecode.swift; path = AppDelegate.swift; sourceTree = "<group>"; };
		EECDF86025E0B8F70022F02B /* SceneDelegate.swift */ = {isa = PBXFileReference; lastKnownFileType = sourcecode.swift; path = SceneDelegate.swift; sourceTree = "<group>"; };
		EECDF86225E0B8F70022F02B /* ViewController.swift */ = {isa = PBXFileReference; lastKnownFileType = sourcecode.swift; path = ViewController.swift; sourceTree = "<group>"; };
		EECDF86525E0B8F70022F02B /* Base */ = {isa = PBXFileReference; lastKnownFileType = file.storyboard; name = Base; path = Base.lproj/Main.storyboard; sourceTree = "<group>"; };
		EECDF86725E0B8F80022F02B /* Assets.xcassets */ = {isa = PBXFileReference; lastKnownFileType = folder.assetcatalog; path = Assets.xcassets; sourceTree = "<group>"; };
		EECDF86A25E0B8F80022F02B /* Base */ = {isa = PBXFileReference; lastKnownFileType = file.storyboard; name = Base; path = Base.lproj/LaunchScreen.storyboard; sourceTree = "<group>"; };
		EECDF86C25E0B8F80022F02B /* Info.plist */ = {isa = PBXFileReference; lastKnownFileType = text.plist.xml; path = Info.plist; sourceTree = "<group>"; };
		EECDF87325E0B91C0022F02B /* HabitsStore.swift */ = {isa = PBXFileReference; lastKnownFileType = sourcecode.swift; path = HabitsStore.swift; sourceTree = "<group>"; };
/* End PBXFileReference section */

/* Begin PBXFrameworksBuildPhase section */
		EECDF85825E0B8F70022F02B /* Frameworks */ = {
			isa = PBXFrameworksBuildPhase;
			buildActionMask = 2147483647;
			files = (
			);
			runOnlyForDeploymentPostprocessing = 0;
		};
/* End PBXFrameworksBuildPhase section */

/* Begin PBXGroup section */
		EE62020225E1C30C00717A2C /* MainCollectionView */ = {
			isa = PBXGroup;
			children = (
				EE8EF49125E3C91D0056F798 /* HabitsViewController.swift */,
				EEBE389B25E2D4480097AD1F /* viewCellMain.swift */,
				EE8C854925E813D800F809AA /* viewCellMain.xib */,
				EE8EF47D25E387A90056F798 /* viewCellProgress.swift */,
				EE8FBD1825EA2D63006EC85C /* viewCellProgress.xib */,
				EE8C854625E6DC5500F809AA /* HabitViewController.swift */,
				EEAFFCDD25EF443900795558 /* CreateCellDelegate.swift */,
			);
			path = MainCollectionView;
			sourceTree = "<group>";
		};
		EECDF85225E0B8F70022F02B = {
			isa = PBXGroup;
			children = (
				EE62020225E1C30C00717A2C /* MainCollectionView */,
				EECDF85D25E0B8F70022F02B /* MyHabits */,
				EECDF85C25E0B8F70022F02B /* Products */,
			);
			sourceTree = "<group>";
		};
		EECDF85C25E0B8F70022F02B /* Products */ = {
			isa = PBXGroup;
			children = (
				EECDF85B25E0B8F70022F02B /* MyHabits.app */,
			);
			name = Products;
			sourceTree = "<group>";
		};
		EECDF85D25E0B8F70022F02B /* MyHabits */ = {
			isa = PBXGroup;
			children = (
				EECDF85E25E0B8F70022F02B /* AppDelegate.swift */,
				EECDF86025E0B8F70022F02B /* SceneDelegate.swift */,
				EECDF86225E0B8F70022F02B /* ViewController.swift */,
				EECDF86725E0B8F80022F02B /* Assets.xcassets */,
				EECDF86425E0B8F70022F02B /* Main.storyboard */,
				EECDF86925E0B8F80022F02B /* LaunchScreen.storyboard */,
				EECDF86C25E0B8F80022F02B /* Info.plist */,
				EECDF87325E0B91C0022F02B /* HabitsStore.swift */,
				EE6FC0F625E0C52500BDCC94 /* InfoViewController.swift */,
				EE6FC0FC25E1860E00BDCC94 /* LaunchScreen.swift */,
			);
			path = MyHabits;
			sourceTree = "<group>";
		};
/* End PBXGroup section */

/* Begin PBXNativeTarget section */
		EECDF85A25E0B8F70022F02B /* MyHabits */ = {
			isa = PBXNativeTarget;
			buildConfigurationList = EECDF86F25E0B8F80022F02B /* Build configuration list for PBXNativeTarget "MyHabits" */;
			buildPhases = (
				EECDF85725E0B8F70022F02B /* Sources */,
				EECDF85825E0B8F70022F02B /* Frameworks */,
				EECDF85925E0B8F70022F02B /* Resources */,
			);
			buildRules = (
			);
			dependencies = (
			);
			name = MyHabits;
			productName = MyHabits;
			productReference = EECDF85B25E0B8F70022F02B /* MyHabits.app */;
			productType = "com.apple.product-type.application";
		};
/* End PBXNativeTarget section */

/* Begin PBXProject section */
		EECDF85325E0B8F70022F02B /* Project object */ = {
			isa = PBXProject;
			attributes = {
				LastSwiftUpdateCheck = 1240;
				LastUpgradeCheck = 1240;
				TargetAttributes = {
					EECDF85A25E0B8F70022F02B = {
						CreatedOnToolsVersion = 12.4;
					};
				};
			};
			buildConfigurationList = EECDF85625E0B8F70022F02B /* Build configuration list for PBXProject "MyHabits" */;
			compatibilityVersion = "Xcode 9.3";
			developmentRegion = en;
			hasScannedForEncodings = 0;
			knownRegions = (
				en,
				Base,
			);
			mainGroup = EECDF85225E0B8F70022F02B;
			productRefGroup = EECDF85C25E0B8F70022F02B /* Products */;
			projectDirPath = "";
			projectRoot = "";
			targets = (
				EECDF85A25E0B8F70022F02B /* MyHabits */,
			);
		};
/* End PBXProject section */

/* Begin PBXResourcesBuildPhase section */
		EECDF85925E0B8F70022F02B /* Resources */ = {
			isa = PBXResourcesBuildPhase;
			buildActionMask = 2147483647;
			files = (
				EE8FBD1925EA2D63006EC85C /* viewCellProgress.xib in Resources */,
				EE8C854A25E813D800F809AA /* viewCellMain.xib in Resources */,
				EECDF86B25E0B8F80022F02B /* LaunchScreen.storyboard in Resources */,
				EECDF86825E0B8F80022F02B /* Assets.xcassets in Resources */,
				EECDF86625E0B8F70022F02B /* Main.storyboard in Resources */,
			);
			runOnlyForDeploymentPostprocessing = 0;
		};
/* End PBXResourcesBuildPhase section */

/* Begin PBXSourcesBuildPhase section */
		EECDF85725E0B8F70022F02B /* Sources */ = {
			isa = PBXSourcesBuildPhase;
			buildActionMask = 2147483647;
			files = (
				EEAFFCDE25EF443900795558 /* CreateCellDelegate.swift in Sources */,
				EEBE389D25E2D4480097AD1F /* viewCellMain.swift in Sources */,
				EECDF87425E0B91C0022F02B /* HabitsStore.swift in Sources */,
				EECDF86325E0B8F70022F02B /* ViewController.swift in Sources */,
				EECDF85F25E0B8F70022F02B /* AppDelegate.swift in Sources */,
				EE6FC0F725E0C52500BDCC94 /* InfoViewController.swift in Sources */,
				EE6FC0FD25E1860E00BDCC94 /* LaunchScreen.swift in Sources */,
				EE8C854725E6DC5500F809AA /* HabitViewController.swift in Sources */,
				EECDF86125E0B8F70022F02B /* SceneDelegate.swift in Sources */,
				EE8EF49225E3C91D0056F798 /* HabitsViewController.swift in Sources */,
				EE8EF47E25E387A90056F798 /* viewCellProgress.swift in Sources */,
			);
			runOnlyForDeploymentPostprocessing = 0;
		};
/* End PBXSourcesBuildPhase section */

/* Begin PBXVariantGroup section */
		EECDF86425E0B8F70022F02B /* Main.storyboard */ = {
			isa = PBXVariantGroup;
			children = (
				EECDF86525E0B8F70022F02B /* Base */,
			);
			name = Main.storyboard;
			sourceTree = "<group>";
		};
		EECDF86925E0B8F80022F02B /* LaunchScreen.storyboard */ = {
			isa = PBXVariantGroup;
			children = (
				EECDF86A25E0B8F80022F02B /* Base */,
			);
			name = LaunchScreen.storyboard;
			sourceTree = "<group>";
		};
/* End PBXVariantGroup section */

/* Begin XCBuildConfiguration section */
		EECDF86D25E0B8F80022F02B /* Debug */ = {
			isa = XCBuildConfiguration;
			buildSettings = {
				ALWAYS_SEARCH_USER_PATHS = NO;
				CLANG_ANALYZER_NONNULL = YES;
				CLANG_ANALYZER_NUMBER_OBJECT_CONVERSION = YES_AGGRESSIVE;
				CLANG_CXX_LANGUAGE_STANDARD = "gnu++14";
				CLANG_CXX_LIBRARY = "libc++";
				CLANG_ENABLE_MODULES = YES;
				CLANG_ENABLE_OBJC_ARC = YES;
				CLANG_ENABLE_OBJC_WEAK = YES;
				CLANG_WARN_BLOCK_CAPTURE_AUTORELEASING = YES;
				CLANG_WARN_BOOL_CONVERSION = YES;
				CLANG_WARN_COMMA = YES;
				CLANG_WARN_CONSTANT_CONVERSION = YES;
				CLANG_WARN_DEPRECATED_OBJC_IMPLEMENTATIONS = YES;
				CLANG_WARN_DIRECT_OBJC_ISA_USAGE = YES_ERROR;
				CLANG_WARN_DOCUMENTATION_COMMENTS = YES;
				CLANG_WARN_EMPTY_BODY = YES;
				CLANG_WARN_ENUM_CONVERSION = YES;
				CLANG_WARN_INFINITE_RECURSION = YES;
				CLANG_WARN_INT_CONVERSION = YES;
				CLANG_WARN_NON_LITERAL_NULL_CONVERSION = YES;
				CLANG_WARN_OBJC_IMPLICIT_RETAIN_SELF = YES;
				CLANG_WARN_OBJC_LITERAL_CONVERSION = YES;
				CLANG_WARN_OBJC_ROOT_CLASS = YES_ERROR;
				CLANG_WARN_QUOTED_INCLUDE_IN_FRAMEWORK_HEADER = YES;
				CLANG_WARN_RANGE_LOOP_ANALYSIS = YES;
				CLANG_WARN_STRICT_PROTOTYPES = YES;
				CLANG_WARN_SUSPICIOUS_MOVE = YES;
				CLANG_WARN_UNGUARDED_AVAILABILITY = YES_AGGRESSIVE;
				CLANG_WARN_UNREACHABLE_CODE = YES;
				CLANG_WARN__DUPLICATE_METHOD_MATCH = YES;
				COPY_PHASE_STRIP = NO;
				DEBUG_INFORMATION_FORMAT = dwarf;
				ENABLE_STRICT_OBJC_MSGSEND = YES;
				ENABLE_TESTABILITY = YES;
				GCC_C_LANGUAGE_STANDARD = gnu11;
				GCC_DYNAMIC_NO_PIC = NO;
				GCC_NO_COMMON_BLOCKS = YES;
				GCC_OPTIMIZATION_LEVEL = 0;
				GCC_PREPROCESSOR_DEFINITIONS = (
					"DEBUG=1",
					"$(inherited)",
				);
				GCC_WARN_64_TO_32_BIT_CONVERSION = YES;
				GCC_WARN_ABOUT_RETURN_TYPE = YES_ERROR;
				GCC_WARN_UNDECLARED_SELECTOR = YES;
				GCC_WARN_UNINITIALIZED_AUTOS = YES_AGGRESSIVE;
				GCC_WARN_UNUSED_FUNCTION = YES;
				GCC_WARN_UNUSED_VARIABLE = YES;
				IPHONEOS_DEPLOYMENT_TARGET = 14.4;
				MTL_ENABLE_DEBUG_INFO = INCLUDE_SOURCE;
				MTL_FAST_MATH = YES;
				ONLY_ACTIVE_ARCH = YES;
				SDKROOT = iphoneos;
				SWIFT_ACTIVE_COMPILATION_CONDITIONS = DEBUG;
				SWIFT_OPTIMIZATION_LEVEL = "-Onone";
			};
			name = Debug;
		};
		EECDF86E25E0B8F80022F02B /* Release */ = {
			isa = XCBuildConfiguration;
			buildSettings = {
				ALWAYS_SEARCH_USER_PATHS = NO;
				CLANG_ANALYZER_NONNULL = YES;
				CLANG_ANALYZER_NUMBER_OBJECT_CONVERSION = YES_AGGRESSIVE;
				CLANG_CXX_LANGUAGE_STANDARD = "gnu++14";
				CLANG_CXX_LIBRARY = "libc++";
				CLANG_ENABLE_MODULES = YES;
				CLANG_ENABLE_OBJC_ARC = YES;
				CLANG_ENABLE_OBJC_WEAK = YES;
				CLANG_WARN_BLOCK_CAPTURE_AUTORELEASING = YES;
				CLANG_WARN_BOOL_CONVERSION = YES;
				CLANG_WARN_COMMA = YES;
				CLANG_WARN_CONSTANT_CONVERSION = YES;
				CLANG_WARN_DEPRECATED_OBJC_IMPLEMENTATIONS = YES;
				CLANG_WARN_DIRECT_OBJC_ISA_USAGE = YES_ERROR;
				CLANG_WARN_DOCUMENTATION_COMMENTS = YES;
				CLANG_WARN_EMPTY_BODY = YES;
				CLANG_WARN_ENUM_CONVERSION = YES;
				CLANG_WARN_INFINITE_RECURSION = YES;
				CLANG_WARN_INT_CONVERSION = YES;
				CLANG_WARN_NON_LITERAL_NULL_CONVERSION = YES;
				CLANG_WARN_OBJC_IMPLICIT_RETAIN_SELF = YES;
				CLANG_WARN_OBJC_LITERAL_CONVERSION = YES;
				CLANG_WARN_OBJC_ROOT_CLASS = YES_ERROR;
				CLANG_WARN_QUOTED_INCLUDE_IN_FRAMEWORK_HEADER = YES;
				CLANG_WARN_RANGE_LOOP_ANALYSIS = YES;
				CLANG_WARN_STRICT_PROTOTYPES = YES;
				CLANG_WARN_SUSPICIOUS_MOVE = YES;
				CLANG_WARN_UNGUARDED_AVAILABILITY = YES_AGGRESSIVE;
				CLANG_WARN_UNREACHABLE_CODE = YES;
				CLANG_WARN__DUPLICATE_METHOD_MATCH = YES;
				COPY_PHASE_STRIP = NO;
				DEBUG_INFORMATION_FORMAT = "dwarf-with-dsym";
				ENABLE_NS_ASSERTIONS = NO;
				ENABLE_STRICT_OBJC_MSGSEND = YES;
				GCC_C_LANGUAGE_STANDARD = gnu11;
				GCC_NO_COMMON_BLOCKS = YES;
				GCC_WARN_64_TO_32_BIT_CONVERSION = YES;
				GCC_WARN_ABOUT_RETURN_TYPE = YES_ERROR;
				GCC_WARN_UNDECLARED_SELECTOR = YES;
				GCC_WARN_UNINITIALIZED_AUTOS = YES_AGGRESSIVE;
				GCC_WARN_UNUSED_FUNCTION = YES;
				GCC_WARN_UNUSED_VARIABLE = YES;
				IPHONEOS_DEPLOYMENT_TARGET = 14.4;
				MTL_ENABLE_DEBUG_INFO = NO;
				MTL_FAST_MATH = YES;
				SDKROOT = iphoneos;
				SWIFT_COMPILATION_MODE = wholemodule;
				SWIFT_OPTIMIZATION_LEVEL = "-O";
				VALIDATE_PRODUCT = YES;
			};
			name = Release;
		};
		EECDF87025E0B8F80022F02B /* Debug */ = {
			isa = XCBuildConfiguration;
			buildSettings = {
				ASSETCATALOG_COMPILER_APPICON_NAME = AppIcon;
				ASSETCATALOG_COMPILER_GLOBAL_ACCENT_COLOR_NAME = AccentColor;
				CODE_SIGN_STYLE = Automatic;
				DEVELOPMENT_TEAM = 825BT8LXB7;
				INFOPLIST_FILE = MyHabits/Info.plist;
				LD_RUNPATH_SEARCH_PATHS = (
					"$(inherited)",
					"@executable_path/Frameworks",
				);
				PRODUCT_BUNDLE_IDENTIFIER = netology.MyHabits;
				PRODUCT_NAME = "$(TARGET_NAME)";
				SWIFT_VERSION = 5.0;
				TARGETED_DEVICE_FAMILY = "1,2";
			};
			name = Debug;
		};
		EECDF87125E0B8F80022F02B /* Release */ = {
			isa = XCBuildConfiguration;
			buildSettings = {
				ASSETCATALOG_COMPILER_APPICON_NAME = AppIcon;
				ASSETCATALOG_COMPILER_GLOBAL_ACCENT_COLOR_NAME = AccentColor;
				CODE_SIGN_STYLE = Automatic;
				DEVELOPMENT_TEAM = 825BT8LXB7;
				INFOPLIST_FILE = MyHabits/Info.plist;
				LD_RUNPATH_SEARCH_PATHS = (
					"$(inherited)",
					"@executable_path/Frameworks",
				);
				PRODUCT_BUNDLE_IDENTIFIER = netology.MyHabits;
				PRODUCT_NAME = "$(TARGET_NAME)";
				SWIFT_VERSION = 5.0;
				TARGETED_DEVICE_FAMILY = "1,2";
			};
			name = Release;
		};
/* End XCBuildConfiguration section */

/* Begin XCConfigurationList section */
		EECDF85625E0B8F70022F02B /* Build configuration list for PBXProject "MyHabits" */ = {
			isa = XCConfigurationList;
			buildConfigurations = (
				EECDF86D25E0B8F80022F02B /* Debug */,
				EECDF86E25E0B8F80022F02B /* Release */,
			);
			defaultConfigurationIsVisible = 0;
			defaultConfigurationName = Release;
		};
		EECDF86F25E0B8F80022F02B /* Build configuration list for PBXNativeTarget "MyHabits" */ = {
			isa = XCConfigurationList;
			buildConfigurations = (
				EECDF87025E0B8F80022F02B /* Debug */,
				EECDF87125E0B8F80022F02B /* Release */,
			);
			defaultConfigurationIsVisible = 0;
			defaultConfigurationName = Release;
		};
/* End XCConfigurationList section */
	};
	rootObject = EECDF85325E0B8F70022F02B /* Project object */;
}
